
Microsoft Visual Studio Solution File, Format Version 12.00
# Visual Studio Version 17
VisualStudioVersion = 17.4.33103.184
MinimumVisualStudioVersion = 10.0.40219.1
Project("{FAE04EC0-301F-11D3-BF4B-00C04F79EFBC}") = "sql_PARCIAL2", "sql_PARCIAL2\sql_PARCIAL2.csproj", "{EECD96E9-C5EB-4CF5-808F-3BC425AF883A}"
EndProject
Global
	GlobalSection(SolutionConfigurationPlatforms) = preSolution
		Debug|Any CPU = Debug|Any CPU
		Release|Any CPU = Release|Any CPU
	EndGlobalSection
	GlobalSection(ProjectConfigurationPlatforms) = postSolution
		{EECD96E9-C5EB-4CF5-808F-3BC425AF883A}.Debug|Any CPU.ActiveCfg = Debug|Any CPU
		{EECD96E9-C5EB-4CF5-808F-3BC425AF883A}.Debug|Any CPU.Build.0 = Debug|Any CPU
		{EECD96E9-C5EB-4CF5-808F-3BC425AF883A}.Release|Any CPU.ActiveCfg = Release|Any CPU
		{EECD96E9-C5EB-4CF5-808F-3BC425AF883A}.Release|Any CPU.Build.0 = Release|Any CPU
	EndGlobalSection
	GlobalSection(SolutionProperties) = preSolution
		HideSolutionNode = FALSE
	EndGlobalSection
	GlobalSection(ExtensibilityGlobals) = postSolution
		SolutionGuid = {CC46F561-88FE-4F40-9A29-0D87D4028526}
	EndGlobalSection
EndGlobal
